# THIS IS AN AUTOGENERATED FILE. DO NOT EDIT THIS FILE DIRECTLY.
# yarn lockfile v1


"@babel/runtime@^7.12.5":
  version "7.16.5"
  resolved "https://registry.yarnpkg.com/@babel/runtime/-/runtime-7.16.5.tgz#7f3e34bf8bdbbadf03fbb7b1ea0d929569c9487a"
  integrity sha512-TXWihFIS3Pyv5hzR7j6ihmeLkZfrXGxAr5UfSl8CHf+6q/wpiYDkUau0czckpYG8QmnCIuPpdLtuA9VmuGGyMA==
  dependencies:
    regenerator-runtime "^0.13.4"

"@disjukr/croquis-js@^0.0.3":
  version "0.0.3"
  resolved "https://registry.yarnpkg.com/@disjukr/croquis-js/-/croquis-js-0.0.3.tgz#8787991d5c4f025856e69138f8bf352afab0feda"
  integrity sha512-Upe+nKCD+c+kNhTjPQpTZaG1XMubQsLYDxrAYEh692XPbx4kN5NswCCS6U7hCe8qzN26Sx3xlE30SUoBdnkPcQ==
  dependencies:
    polished "^3.6.3"

polished@^3.6.3:
  version "3.7.2"
  resolved "https://registry.yarnpkg.com/polished/-/polished-3.7.2.tgz#ec5ddc17a7d322a574d5e10ddd2a6f01d3e767d1"
  integrity sha512-pQKtpZGmsZrW8UUpQMAnR7s3ppHeMQVNyMDKtUyKwuvDmklzcEyM5Kllb3JyE/sE/x7arDmyd35i+4vp99H6sQ==
  dependencies:
    "@babel/runtime" "^7.12.5"

regenerator-runtime@^0.13.4:
  version "0.13.9"
  resolved "https://registry.yarnpkg.com/regenerator-runtime/-/regenerator-runtime-0.13.9.tgz#8925742a98ffd90814988d7566ad30ca3b263b52"
  integrity sha512-p3VT+cOEgxFsRRA9X4lkI1E+k2/CtnKtU4gcxyaCUreilL/vqI6CdZ3wxVUx3UOUg+gnUOQQcRI7BmSI656MYA==
